
Microsoft Visual Studio Solution File, Format Version 12.00
# Visual Studio Version 17
VisualStudioVersion = 17.4.33122.133
MinimumVisualStudioVersion = 10.0.40219.1
Project("{8BC9CEB8-8B4A-11D0-8D11-00A0C91BC942}") = "AdventOfCode2022", "2022\AdventOfCode2022.vcxproj", "{BE56E47B-045D-4A1A-87EF-A984427AF65A}"
EndProject
Project("{8BC9CEB8-8B4A-11D0-8D11-00A0C91BC942}") = "AdventOfCode2023", "2023\AdventOfCode2023.vcxproj", "{C9A4BC53-B9D9-448E-AFE4-FC6095F2C4AD}"
EndProject
Project("{8BC9CEB8-8B4A-11D0-8D11-00A0C91BC942}") = "AdventOfCode2024", "AdventOfCode2024\AdventOfCode2024.vcxproj", "{25C34A26-0A00-4F43-8061-26B1AAF2BB8E}"
EndProject
Global
	GlobalSection(SolutionConfigurationPlatforms) = preSolution
		Debug|x64 = Debug|x64
		Debug|x86 = Debug|x86
		Release|x64 = Release|x64
		Release|x86 = Release|x86
	EndGlobalSection
	GlobalSection(ProjectConfigurationPlatforms) = postSolution
		{BE56E47B-045D-4A1A-87EF-A984427AF65A}.Debug|x64.ActiveCfg = Debug|x64
		{BE56E47B-045D-4A1A-87EF-A984427AF65A}.Debug|x86.ActiveCfg = Debug|Win32
		{BE56E47B-045D-4A1A-87EF-A984427AF65A}.Debug|x86.Build.0 = Debug|Win32
		{BE56E47B-045D-4A1A-87EF-A984427AF65A}.Release|x64.ActiveCfg = Release|x64
		{BE56E47B-045D-4A1A-87EF-A984427AF65A}.Release|x86.ActiveCfg = Release|Win32
		{BE56E47B-045D-4A1A-87EF-A984427AF65A}.Release|x86.Build.0 = Release|Win32
		{C9A4BC53-B9D9-448E-AFE4-FC6095F2C4AD}.Debug|x64.ActiveCfg = Debug|x64
		{C9A4BC53-B9D9-448E-AFE4-FC6095F2C4AD}.Debug|x64.Build.0 = Debug|x64
		{C9A4BC53-B9D9-448E-AFE4-FC6095F2C4AD}.Debug|x86.ActiveCfg = Debug|Win32
		{C9A4BC53-B9D9-448E-AFE4-FC6095F2C4AD}.Debug|x86.Build.0 = Debug|Win32
		{C9A4BC53-B9D9-448E-AFE4-FC6095F2C4AD}.Release|x64.ActiveCfg = Release|x64
		{C9A4BC53-B9D9-448E-AFE4-FC6095F2C4AD}.Release|x64.Build.0 = Release|x64
		{C9A4BC53-B9D9-448E-AFE4-FC6095F2C4AD}.Release|x86.ActiveCfg = Release|Win32
		{C9A4BC53-B9D9-448E-AFE4-FC6095F2C4AD}.Release|x86.Build.0 = Release|Win32
		{25C34A26-0A00-4F43-8061-26B1AAF2BB8E}.Debug|x64.ActiveCfg = Debug|x64
		{25C34A26-0A00-4F43-8061-26B1AAF2BB8E}.Debug|x64.Build.0 = Debug|x64
		{25C34A26-0A00-4F43-8061-26B1AAF2BB8E}.Debug|x86.ActiveCfg = Debug|Win32
		{25C34A26-0A00-4F43-8061-26B1AAF2BB8E}.Debug|x86.Build.0 = Debug|Win32
		{25C34A26-0A00-4F43-8061-26B1AAF2BB8E}.Release|x64.ActiveCfg = Release|x64
		{25C34A26-0A00-4F43-8061-26B1AAF2BB8E}.Release|x64.Build.0 = Release|x64
		{25C34A26-0A00-4F43-8061-26B1AAF2BB8E}.Release|x86.ActiveCfg = Release|Win32
		{25C34A26-0A00-4F43-8061-26B1AAF2BB8E}.Release|x86.Build.0 = Release|Win32
	EndGlobalSection
	GlobalSection(SolutionProperties) = preSolution
		HideSolutionNode = FALSE
	EndGlobalSection
	GlobalSection(ExtensibilityGlobals) = postSolution
		SolutionGuid = {59AE4DB1-584C-4AED-93B8-96F540BB35BC}
	EndGlobalSection
EndGlobal
